
Microsoft Visual Studio Solution File, Format Version 12.00
# Visual Studio Version 16
VisualStudioVersion = 16.0.29230.47
MinimumVisualStudioVersion = 10.0.40219.1
Project("{9A19103F-16F7-4668-BE54-9A1E7A4F7556}") = "Homework4SeleniumWebDriverAdvancedPart2", "Homework4SeleniumWebDriverAdvancedPart2\Homework4SeleniumWebDriverAdvancedPart2.csproj", "{EC620C0C-06A9-405C-96F0-7B94ECA0443C}"
EndProject
Project("{FAE04EC0-301F-11D3-BF4B-00C04F79EFBC}") = "Google_Search", "Google_Search\Google_Search.csproj", "{4EFE3154-6E68-493A-9CE2-6C766840756C}"
EndProject
Project("{FAE04EC0-301F-11D3-BF4B-00C04F79EFBC}") = "QA_Automaton", "QA_Automaton\QA_Automaton.csproj", "{A97A686E-47BA-4365-9449-51F4AD4A4495}"
EndProject
Project("{FAE04EC0-301F-11D3-BF4B-00C04F79EFBC}") = "AutomationpracticeRegistrationPage", "AutomationpracticeRegistrationPage\AutomationpracticeRegistrationPage.csproj", "{667EB518-6D04-4C21-A1C4-CAC10D60B0F3}"
EndProject
Global
	GlobalSection(SolutionConfigurationPlatforms) = preSolution
		Debug|Any CPU = Debug|Any CPU
		Release|Any CPU = Release|Any CPU
	EndGlobalSection
	GlobalSection(ProjectConfigurationPlatforms) = postSolution
		{EC620C0C-06A9-405C-96F0-7B94ECA0443C}.Debug|Any CPU.ActiveCfg = Debug|Any CPU
		{EC620C0C-06A9-405C-96F0-7B94ECA0443C}.Debug|Any CPU.Build.0 = Debug|Any CPU
		{EC620C0C-06A9-405C-96F0-7B94ECA0443C}.Release|Any CPU.ActiveCfg = Release|Any CPU
		{EC620C0C-06A9-405C-96F0-7B94ECA0443C}.Release|Any CPU.Build.0 = Release|Any CPU
		{4EFE3154-6E68-493A-9CE2-6C766840756C}.Debug|Any CPU.ActiveCfg = Debug|Any CPU
		{4EFE3154-6E68-493A-9CE2-6C766840756C}.Debug|Any CPU.Build.0 = Debug|Any CPU
		{4EFE3154-6E68-493A-9CE2-6C766840756C}.Release|Any CPU.ActiveCfg = Release|Any CPU
		{4EFE3154-6E68-493A-9CE2-6C766840756C}.Release|Any CPU.Build.0 = Release|Any CPU
		{A97A686E-47BA-4365-9449-51F4AD4A4495}.Debug|Any CPU.ActiveCfg = Debug|Any CPU
		{A97A686E-47BA-4365-9449-51F4AD4A4495}.Debug|Any CPU.Build.0 = Debug|Any CPU
		{A97A686E-47BA-4365-9449-51F4AD4A4495}.Release|Any CPU.ActiveCfg = Release|Any CPU
		{A97A686E-47BA-4365-9449-51F4AD4A4495}.Release|Any CPU.Build.0 = Release|Any CPU
		{667EB518-6D04-4C21-A1C4-CAC10D60B0F3}.Debug|Any CPU.ActiveCfg = Debug|Any CPU
		{667EB518-6D04-4C21-A1C4-CAC10D60B0F3}.Debug|Any CPU.Build.0 = Debug|Any CPU
		{667EB518-6D04-4C21-A1C4-CAC10D60B0F3}.Release|Any CPU.ActiveCfg = Release|Any CPU
		{667EB518-6D04-4C21-A1C4-CAC10D60B0F3}.Release|Any CPU.Build.0 = Release|Any CPU
	EndGlobalSection
	GlobalSection(SolutionProperties) = preSolution
		HideSolutionNode = FALSE
	EndGlobalSection
	GlobalSection(ExtensibilityGlobals) = postSolution
		SolutionGuid = {7DE7FFCB-8E12-43A4-83A3-5B8424A2DEFD}
	EndGlobalSection
EndGlobal
